
Microsoft Visual Studio Solution File, Format Version 12.00
# Visual Studio Version 17
VisualStudioVersion = 17.13.35723.152 d17.13
MinimumVisualStudioVersion = 10.0.40219.1
Project("{FAE04EC0-301F-11D3-BF4B-00C04F79EFBC}") = "Where_To_Watch", "Where_To_Watch.csproj", "{2973BC78-7877-4D67-8375-D6AC8E98EBF6}"
EndProject
Global
	GlobalSection(SolutionConfigurationPlatforms) = preSolution
		Debug|Any CPU = Debug|Any CPU
		Release|Any CPU = Release|Any CPU
	EndGlobalSection
	GlobalSection(ProjectConfigurationPlatforms) = postSolution
		{2973BC78-7877-4D67-8375-D6AC8E98EBF6}.Debug|Any CPU.ActiveCfg = Debug|Any CPU
		{2973BC78-7877-4D67-8375-D6AC8E98EBF6}.Debug|Any CPU.Build.0 = Debug|Any CPU
		{2973BC78-7877-4D67-8375-D6AC8E98EBF6}.Release|Any CPU.ActiveCfg = Release|Any CPU
		{2973BC78-7877-4D67-8375-D6AC8E98EBF6}.Release|Any CPU.Build.0 = Release|Any CPU
	EndGlobalSection
	GlobalSection(SolutionProperties) = preSolution
		HideSolutionNode = FALSE
	EndGlobalSection
	GlobalSection(ExtensibilityGlobals) = postSolution
		SolutionGuid = {7D63D2DD-C2EA-4AFD-BA1A-8A687A0DDA00}
	EndGlobalSection
EndGlobal
